
Microsoft Visual Studio Solution File, Format Version 12.00
# Visual Studio Version 17
VisualStudioVersion = 17.1.32319.34
MinimumVisualStudioVersion = 10.0.40219.1
Project("{FAE04EC0-301F-11D3-BF4B-00C04F79EFBC}") = "Polecenie", "Polecenie\Polecenie.csproj", "{7496F8F0-E314-402C-8CA5-4C9B3541C51E}"
EndProject
Global
	GlobalSection(SolutionConfigurationPlatforms) = preSolution
		Debug|Any CPU = Debug|Any CPU
		Release|Any CPU = Release|Any CPU
	EndGlobalSection
	GlobalSection(ProjectConfigurationPlatforms) = postSolution
		{7496F8F0-E314-402C-8CA5-4C9B3541C51E}.Debug|Any CPU.ActiveCfg = Debug|Any CPU
		{7496F8F0-E314-402C-8CA5-4C9B3541C51E}.Debug|Any CPU.Build.0 = Debug|Any CPU
		{7496F8F0-E314-402C-8CA5-4C9B3541C51E}.Release|Any CPU.ActiveCfg = Release|Any CPU
		{7496F8F0-E314-402C-8CA5-4C9B3541C51E}.Release|Any CPU.Build.0 = Release|Any CPU
	EndGlobalSection
	GlobalSection(SolutionProperties) = preSolution
		HideSolutionNode = FALSE
	EndGlobalSection
	GlobalSection(ExtensibilityGlobals) = postSolution
		SolutionGuid = {D973520B-6F6F-4599-A95F-2A02CB8BEDE7}
	EndGlobalSection
EndGlobal
